
Microsoft Visual Studio Solution File, Format Version 12.00
# Visual Studio 15
VisualStudioVersion = 15.0.27004.2009
MinimumVisualStudioVersion = 10.0.40219.1
Project("{FAE04EC0-301F-11D3-BF4B-00C04F79EFBC}") = "Geojson", "Geojson\Geojson.csproj", "{9A5B4FA2-05B5-4A34-B91A-19F9DA67B37B}"
EndProject
Global
	GlobalSection(SolutionConfigurationPlatforms) = preSolution
		Debug|Any CPU = Debug|Any CPU
		Release|Any CPU = Release|Any CPU
	EndGlobalSection
	GlobalSection(ProjectConfigurationPlatforms) = postSolution
		{9A5B4FA2-05B5-4A34-B91A-19F9DA67B37B}.Debug|Any CPU.ActiveCfg = Debug|Any CPU
		{9A5B4FA2-05B5-4A34-B91A-19F9DA67B37B}.Debug|Any CPU.Build.0 = Debug|Any CPU
		{9A5B4FA2-05B5-4A34-B91A-19F9DA67B37B}.Release|Any CPU.ActiveCfg = Release|Any CPU
		{9A5B4FA2-05B5-4A34-B91A-19F9DA67B37B}.Release|Any CPU.Build.0 = Release|Any CPU
	EndGlobalSection
	GlobalSection(SolutionProperties) = preSolution
		HideSolutionNode = FALSE
	EndGlobalSection
	GlobalSection(ExtensibilityGlobals) = postSolution
		SolutionGuid = {82F29CEA-635D-445A-809A-764D0143D204}
	EndGlobalSection
EndGlobal
